# THIS IS AN AUTOGENERATED FILE. DO NOT EDIT THIS FILE DIRECTLY.
# yarn lockfile v1


typescript@^4.3.1-rc:
  version "4.3.1-rc"
  resolved "https://registry.yarnpkg.com/typescript/-/typescript-4.3.1-rc.tgz#925149c8d8514e20a6bd8d4bd7f42adac67ab59c"
  integrity sha512-L3uJ0gcntaRaKni9aV2amYB+pCDVodKe/B5+IREyvtKGsDOF7cYjchHb/B894skqkgD52ykRuWatIZMqEsHIqA==
